
Microsoft Visual Studio Solution File, Format Version 12.00
# Visual Studio Version 17
VisualStudioVersion = 17.10.34916.146
MinimumVisualStudioVersion = 10.0.40219.1
Project("{FAE04EC0-301F-11D3-BF4B-00C04F79EFBC}") = "SignalR.ChatApp", "SignalR.ChatApp\SignalR.ChatApp.csproj", "{60730174-6407-4506-A5B8-740E08DD6642}"
EndProject
Project("{FAE04EC0-301F-11D3-BF4B-00C04F79EFBC}") = "SignalR.BussinessLayer", "SignalR.BussinessLayer\SignalR.BussinessLayer.csproj", "{719658FA-5DCC-49E2-AE3E-C1E017351D86}"
EndProject
Global
	GlobalSection(SolutionConfigurationPlatforms) = preSolution
		Debug|Any CPU = Debug|Any CPU
		Release|Any CPU = Release|Any CPU
	EndGlobalSection
	GlobalSection(ProjectConfigurationPlatforms) = postSolution
		{60730174-6407-4506-A5B8-740E08DD6642}.Debug|Any CPU.ActiveCfg = Debug|Any CPU
		{60730174-6407-4506-A5B8-740E08DD6642}.Debug|Any CPU.Build.0 = Debug|Any CPU
		{60730174-6407-4506-A5B8-740E08DD6642}.Release|Any CPU.ActiveCfg = Release|Any CPU
		{60730174-6407-4506-A5B8-740E08DD6642}.Release|Any CPU.Build.0 = Release|Any CPU
		{719658FA-5DCC-49E2-AE3E-C1E017351D86}.Debug|Any CPU.ActiveCfg = Debug|Any CPU
		{719658FA-5DCC-49E2-AE3E-C1E017351D86}.Debug|Any CPU.Build.0 = Debug|Any CPU
		{719658FA-5DCC-49E2-AE3E-C1E017351D86}.Release|Any CPU.ActiveCfg = Release|Any CPU
		{719658FA-5DCC-49E2-AE3E-C1E017351D86}.Release|Any CPU.Build.0 = Release|Any CPU
	EndGlobalSection
	GlobalSection(SolutionProperties) = preSolution
		HideSolutionNode = FALSE
	EndGlobalSection
	GlobalSection(ExtensibilityGlobals) = postSolution
		SolutionGuid = {E8AC39BB-772F-4281-8BCC-C3DCD41E44B7}
	EndGlobalSection
EndGlobal
